// !$*UTF8*$!
{
	archiveVersion = 1;
	classes = {
	};
	objectVersion = 50;
	objects = {

/* Begin PBXBuildFile section */
		3D91485324D8F8A30096284E /* AppDelegate.swift in Sources */ = {isa = PBXBuildFile; fileRef = 3D91485224D8F8A30096284E /* AppDelegate.swift */; };
		3D91485524D8F8A30096284E /* SceneDelegate.swift in Sources */ = {isa = PBXBuildFile; fileRef = 3D91485424D8F8A30096284E /* SceneDelegate.swift */; };
		3D91485724D8F8A30096284E /* ContentView.swift in Sources */ = {isa = PBXBuildFile; fileRef = 3D91485624D8F8A30096284E /* ContentView.swift */; };
		3D91485924D8F8A40096284E /* Assets.xcassets in Resources */ = {isa = PBXBuildFile; fileRef = 3D91485824D8F8A40096284E /* Assets.xcassets */; };
		3D91485C24D8F8A40096284E /* Preview Assets.xcassets in Resources */ = {isa = PBXBuildFile; fileRef = 3D91485B24D8F8A40096284E /* Preview Assets.xcassets */; };
		3D91485F24D8F8A40096284E /* LaunchScreen.storyboard in Resources */ = {isa = PBXBuildFile; fileRef = 3D91485D24D8F8A40096284E /* LaunchScreen.storyboard */; };
		3D91486A24D8F8A40096284E /* HikingTests.swift in Sources */ = {isa = PBXBuildFile; fileRef = 3D91486924D8F8A40096284E /* HikingTests.swift */; };
		3D91487624D8F8E50096284E /* Hike.swift in Sources */ = {isa = PBXBuildFile; fileRef = 3D91487524D8F8E50096284E /* Hike.swift */; };
		3D91487824D97AC90096284E /* HikeDetail.swift in Sources */ = {isa = PBXBuildFile; fileRef = 3D91487724D97AC90096284E /* HikeDetail.swift */; };
/* End PBXBuildFile section */

/* Begin PBXContainerItemProxy section */
		3D91486624D8F8A40096284E /* PBXContainerItemProxy */ = {
			isa = PBXContainerItemProxy;
			containerPortal = 3D91484724D8F8A30096284E /* Project object */;
			proxyType = 1;
			remoteGlobalIDString = 3D91484E24D8F8A30096284E;
			remoteInfo = Hiking;
		};
/* End PBXContainerItemProxy section */

/* Begin PBXFileReference section */
		3D91484F24D8F8A30096284E /* Hiking.app */ = {isa = PBXFileReference; explicitFileType = wrapper.application; includeInIndex = 0; path = Hiking.app; sourceTree = BUILT_PRODUCTS_DIR; };
		3D91485224D8F8A30096284E /* AppDelegate.swift */ = {isa = PBXFileReference; lastKnownFileType = sourcecode.swift; path = AppDelegate.swift; sourceTree = "<group>"; };
		3D91485424D8F8A30096284E /* SceneDelegate.swift */ = {isa = PBXFileReference; lastKnownFileType = sourcecode.swift; path = SceneDelegate.swift; sourceTree = "<group>"; };
		3D91485624D8F8A30096284E /* ContentView.swift */ = {isa = PBXFileReference; lastKnownFileType = sourcecode.swift; path = ContentView.swift; sourceTree = "<group>"; };
		3D91485824D8F8A40096284E /* Assets.xcassets */ = {isa = PBXFileReference; lastKnownFileType = folder.assetcatalog; path = Assets.xcassets; sourceTree = "<group>"; };
		3D91485B24D8F8A40096284E /* Preview Assets.xcassets */ = {isa = PBXFileReference; lastKnownFileType = folder.assetcatalog; path = "Preview Assets.xcassets"; sourceTree = "<group>"; };
		3D91485E24D8F8A40096284E /* Base */ = {isa = PBXFileReference; lastKnownFileType = file.storyboard; name = Base; path = Base.lproj/LaunchScreen.storyboard; sourceTree = "<group>"; };
		3D91486024D8F8A40096284E /* Info.plist */ = {isa = PBXFileReference; lastKnownFileType = text.plist.xml; path = Info.plist; sourceTree = "<group>"; };
		3D91486524D8F8A40096284E /* HikingTests.xctest */ = {isa = PBXFileReference; explicitFileType = wrapper.cfbundle; includeInIndex = 0; path = HikingTests.xctest; sourceTree = BUILT_PRODUCTS_DIR; };
		3D91486924D8F8A40096284E /* HikingTests.swift */ = {isa = PBXFileReference; lastKnownFileType = sourcecode.swift; path = HikingTests.swift; sourceTree = "<group>"; };
		3D91486B24D8F8A40096284E /* Info.plist */ = {isa = PBXFileReference; lastKnownFileType = text.plist.xml; path = Info.plist; sourceTree = "<group>"; };
		3D91487524D8F8E50096284E /* Hike.swift */ = {isa = PBXFileReference; lastKnownFileType = sourcecode.swift; path = Hike.swift; sourceTree = "<group>"; };
		3D91487724D97AC90096284E /* HikeDetail.swift */ = {isa = PBXFileReference; lastKnownFileType = sourcecode.swift; path = HikeDetail.swift; sourceTree = "<group>"; };
/* End PBXFileReference section */

/* Begin PBXFrameworksBuildPhase section */
		3D91484C24D8F8A30096284E /* Frameworks */ = {
			isa = PBXFrameworksBuildPhase;
			buildActionMask = 2147483647;
			files = (
			);
			runOnlyForDeploymentPostprocessing = 0;
		};
		3D91486224D8F8A40096284E /* Frameworks */ = {
			isa = PBXFrameworksBuildPhase;
			buildActionMask = 2147483647;
			files = (
			);
			runOnlyForDeploymentPostprocessing = 0;
		};
/* End PBXFrameworksBuildPhase section */

/* Begin PBXGroup section */
		3D91484624D8F8A30096284E = {
			isa = PBXGroup;
			children = (
				3D91485124D8F8A30096284E /* Hiking */,
				3D91486824D8F8A40096284E /* HikingTests */,
				3D91485024D8F8A30096284E /* Products */,
			);
			sourceTree = "<group>";
		};
		3D91485024D8F8A30096284E /* Products */ = {
			isa = PBXGroup;
			children = (
				3D91484F24D8F8A30096284E /* Hiking.app */,
				3D91486524D8F8A40096284E /* HikingTests.xctest */,
			);
			name = Products;
			sourceTree = "<group>";
		};
		3D91485124D8F8A30096284E /* Hiking */ = {
			isa = PBXGroup;
			children = (
				3D91487424D8F8B80096284E /* Models */,
				3D91485224D8F8A30096284E /* AppDelegate.swift */,
				3D91485424D8F8A30096284E /* SceneDelegate.swift */,
				3D91487724D97AC90096284E /* HikeDetail.swift */,
				3D91485624D8F8A30096284E /* ContentView.swift */,
				3D91485824D8F8A40096284E /* Assets.xcassets */,
				3D91485D24D8F8A40096284E /* LaunchScreen.storyboard */,
				3D91486024D8F8A40096284E /* Info.plist */,
				3D91485A24D8F8A40096284E /* Preview Content */,
			);
			path = Hiking;
			sourceTree = "<group>";
		};
		3D91485A24D8F8A40096284E /* Preview Content */ = {
			isa = PBXGroup;
			children = (
				3D91485B24D8F8A40096284E /* Preview Assets.xcassets */,
			);
			path = "Preview Content";
			sourceTree = "<group>";
		};
		3D91486824D8F8A40096284E /* HikingTests */ = {
			isa = PBXGroup;
			children = (
				3D91486924D8F8A40096284E /* HikingTests.swift */,
				3D91486B24D8F8A40096284E /* Info.plist */,
			);
			path = HikingTests;
			sourceTree = "<group>";
		};
		3D91487424D8F8B80096284E /* Models */ = {
			isa = PBXGroup;
			children = (
				3D91487524D8F8E50096284E /* Hike.swift */,
			);
			path = Models;
			sourceTree = "<group>";
		};
/* End PBXGroup section */

/* Begin PBXNativeTarget section */
		3D91484E24D8F8A30096284E /* Hiking */ = {
			isa = PBXNativeTarget;
			buildConfigurationList = 3D91486E24D8F8A40096284E /* Build configuration list for PBXNativeTarget "Hiking" */;
			buildPhases = (
				3D91484B24D8F8A30096284E /* Sources */,
				3D91484C24D8F8A30096284E /* Frameworks */,
				3D91484D24D8F8A30096284E /* Resources */,
			);
			buildRules = (
			);
			dependencies = (
			);
			name = Hiking;
			productName = Hiking;
			productReference = 3D91484F24D8F8A30096284E /* Hiking.app */;
			productType = "com.apple.product-type.application";
		};
		3D91486424D8F8A40096284E /* HikingTests */ = {
			isa = PBXNativeTarget;
			buildConfigurationList = 3D91487124D8F8A40096284E /* Build configuration list for PBXNativeTarget "HikingTests" */;
			buildPhases = (
				3D91486124D8F8A40096284E /* Sources */,
				3D91486224D8F8A40096284E /* Frameworks */,
				3D91486324D8F8A40096284E /* Resources */,
			);
			buildRules = (
			);
			dependencies = (
				3D91486724D8F8A40096284E /* PBXTargetDependency */,
			);
			name = HikingTests;
			productName = HikingTests;
			productReference = 3D91486524D8F8A40096284E /* HikingTests.xctest */;
			productType = "com.apple.product-type.bundle.unit-test";
		};
/* End PBXNativeTarget section */

/* Begin PBXProject section */
		3D91484724D8F8A30096284E /* Project object */ = {
			isa = PBXProject;
			attributes = {
				LastSwiftUpdateCheck = 1160;
				LastUpgradeCheck = 1160;
				ORGANIZATIONNAME = "___DIEGOJURFESTCECCON___";
				TargetAttributes = {
					3D91484E24D8F8A30096284E = {
						CreatedOnToolsVersion = 11.6;
					};
					3D91486424D8F8A40096284E = {
						CreatedOnToolsVersion = 11.6;
						TestTargetID = 3D91484E24D8F8A30096284E;
					};
				};
			};
			buildConfigurationList = 3D91484A24D8F8A30096284E /* Build configuration list for PBXProject "Hiking" */;
			compatibilityVersion = "Xcode 9.3";
			developmentRegion = en;
			hasScannedForEncodings = 0;
			knownRegions = (
				en,
				Base,
			);
			mainGroup = 3D91484624D8F8A30096284E;
			productRefGroup = 3D91485024D8F8A30096284E /* Products */;
			projectDirPath = "";
			projectRoot = "";
			targets = (
				3D91484E24D8F8A30096284E /* Hiking */,
				3D91486424D8F8A40096284E /* HikingTests */,
			);
		};
/* End PBXProject section */

/* Begin PBXResourcesBuildPhase section */
		3D91484D24D8F8A30096284E /* Resources */ = {
			isa = PBXResourcesBuildPhase;
			buildActionMask = 2147483647;
			files = (
				3D91485F24D8F8A40096284E /* LaunchScreen.storyboard in Resources */,
				3D91485C24D8F8A40096284E /* Preview Assets.xcassets in Resources */,
				3D91485924D8F8A40096284E /* Assets.xcassets in Resources */,
			);
			runOnlyForDeploymentPostprocessing = 0;
		};
		3D91486324D8F8A40096284E /* Resources */ = {
			isa = PBXResourcesBuildPhase;
			buildActionMask = 2147483647;
			files = (
			);
			runOnlyForDeploymentPostprocessing = 0;
		};
/* End PBXResourcesBuildPhase section */

/* Begin PBXSourcesBuildPhase section */
		3D91484B24D8F8A30096284E /* Sources */ = {
			isa = PBXSourcesBuildPhase;
			buildActionMask = 2147483647;
			files = (
				3D91485324D8F8A30096284E /* AppDelegate.swift in Sources */,
				3D91485524D8F8A30096284E /* SceneDelegate.swift in Sources */,
				3D91487624D8F8E50096284E /* Hike.swift in Sources */,
				3D91485724D8F8A30096284E /* ContentView.swift in Sources */,
				3D91487824D97AC90096284E /* HikeDetail.swift in Sources */,
			);
			runOnlyForDeploymentPostprocessing = 0;
		};
		3D91486124D8F8A40096284E /* Sources */ = {
			isa = PBXSourcesBuildPhase;
			buildActionMask = 2147483647;
			files = (
				3D91486A24D8F8A40096284E /* HikingTests.swift in Sources */,
			);
			runOnlyForDeploymentPostprocessing = 0;
		};
/* End PBXSourcesBuildPhase section */

/* Begin PBXTargetDependency section */
		3D91486724D8F8A40096284E /* PBXTargetDependency */ = {
			isa = PBXTargetDependency;
			target = 3D91484E24D8F8A30096284E /* Hiking */;
			targetProxy = 3D91486624D8F8A40096284E /* PBXContainerItemProxy */;
		};
/* End PBXTargetDependency section */

/* Begin PBXVariantGroup section */
		3D91485D24D8F8A40096284E /* LaunchScreen.storyboard */ = {
			isa = PBXVariantGroup;
			children = (
				3D91485E24D8F8A40096284E /* Base */,
			);
			name = LaunchScreen.storyboard;
			sourceTree = "<group>";
		};
/* End PBXVariantGroup section */

/* Begin XCBuildConfiguration section */
		3D91486C24D8F8A40096284E /* Debug */ = {
			isa = XCBuildConfiguration;
			buildSettings = {
				ALWAYS_SEARCH_USER_PATHS = NO;
				CLANG_ANALYZER_NONNULL = YES;
				CLANG_ANALYZER_NUMBER_OBJECT_CONVERSION = YES_AGGRESSIVE;
				CLANG_CXX_LANGUAGE_STANDARD = "gnu++14";
				CLANG_CXX_LIBRARY = "libc++";
				CLANG_ENABLE_MODULES = YES;
				CLANG_ENABLE_OBJC_ARC = YES;
				CLANG_ENABLE_OBJC_WEAK = YES;
				CLANG_WARN_BLOCK_CAPTURE_AUTORELEASING = YES;
				CLANG_WARN_BOOL_CONVERSION = YES;
				CLANG_WARN_COMMA = YES;
				CLANG_WARN_CONSTANT_CONVERSION = YES;
				CLANG_WARN_DEPRECATED_OBJC_IMPLEMENTATIONS = YES;
				CLANG_WARN_DIRECT_OBJC_ISA_USAGE = YES_ERROR;
				CLANG_WARN_DOCUMENTATION_COMMENTS = YES;
				CLANG_WARN_EMPTY_BODY = YES;
				CLANG_WARN_ENUM_CONVERSION = YES;
				CLANG_WARN_INFINITE_RECURSION = YES;
				CLANG_WARN_INT_CONVERSION = YES;
				CLANG_WARN_NON_LITERAL_NULL_CONVERSION = YES;
				CLANG_WARN_OBJC_IMPLICIT_RETAIN_SELF = YES;
				CLANG_WARN_OBJC_LITERAL_CONVERSION = YES;
				CLANG_WARN_OBJC_ROOT_CLASS = YES_ERROR;
				CLANG_WARN_RANGE_LOOP_ANALYSIS = YES;
				CLANG_WARN_STRICT_PROTOTYPES = YES;
				CLANG_WARN_SUSPICIOUS_MOVE = YES;
				CLANG_WARN_UNGUARDED_AVAILABILITY = YES_AGGRESSIVE;
				CLANG_WARN_UNREACHABLE_CODE = YES;
				CLANG_WARN__DUPLICATE_METHOD_MATCH = YES;
				COPY_PHASE_STRIP = NO;
				DEBUG_INFORMATION_FORMAT = dwarf;
				ENABLE_STRICT_OBJC_MSGSEND = YES;
				ENABLE_TESTABILITY = YES;
				GCC_C_LANGUAGE_STANDARD = gnu11;
				GCC_DYNAMIC_NO_PIC = NO;
				GCC_NO_COMMON_BLOCKS = YES;
				GCC_OPTIMIZATION_LEVEL = 0;
				GCC_PREPROCESSOR_DEFINITIONS = (
					"DEBUG=1",
					"$(inherited)",
				);
				GCC_WARN_64_TO_32_BIT_CONVERSION = YES;
				GCC_WARN_ABOUT_RETURN_TYPE = YES_ERROR;
				GCC_WARN_UNDECLARED_SELECTOR = YES;
				GCC_WARN_UNINITIALIZED_AUTOS = YES_AGGRESSIVE;
				GCC_WARN_UNUSED_FUNCTION = YES;
				GCC_WARN_UNUSED_VARIABLE = YES;
				IPHONEOS_DEPLOYMENT_TARGET = 13.6;
				MTL_ENABLE_DEBUG_INFO = INCLUDE_SOURCE;
				MTL_FAST_MATH = YES;
				ONLY_ACTIVE_ARCH = YES;
				SDKROOT = iphoneos;
				SWIFT_ACTIVE_COMPILATION_CONDITIONS = DEBUG;
				SWIFT_OPTIMIZATION_LEVEL = "-Onone";
			};
			name = Debug;
		};
		3D91486D24D8F8A40096284E /* Release */ = {
			isa = XCBuildConfiguration;
			buildSettings = {
				ALWAYS_SEARCH_USER_PATHS = NO;
				CLANG_ANALYZER_NONNULL = YES;
				CLANG_ANALYZER_NUMBER_OBJECT_CONVERSION = YES_AGGRESSIVE;
				CLANG_CXX_LANGUAGE_STANDARD = "gnu++14";
				CLANG_CXX_LIBRARY = "libc++";
				CLANG_ENABLE_MODULES = YES;
				CLANG_ENABLE_OBJC_ARC = YES;
				CLANG_ENABLE_OBJC_WEAK = YES;
				CLANG_WARN_BLOCK_CAPTURE_AUTORELEASING = YES;
				CLANG_WARN_BOOL_CONVERSION = YES;
				CLANG_WARN_COMMA = YES;
				CLANG_WARN_CONSTANT_CONVERSION = YES;
				CLANG_WARN_DEPRECATED_OBJC_IMPLEMENTATIONS = YES;
				CLANG_WARN_DIRECT_OBJC_ISA_USAGE = YES_ERROR;
				CLANG_WARN_DOCUMENTATION_COMMENTS = YES;
				CLANG_WARN_EMPTY_BODY = YES;
				CLANG_WARN_ENUM_CONVERSION = YES;
				CLANG_WARN_INFINITE_RECURSION = YES;
				CLANG_WARN_INT_CONVERSION = YES;
				CLANG_WARN_NON_LITERAL_NULL_CONVERSION = YES;
				CLANG_WARN_OBJC_IMPLICIT_RETAIN_SELF = YES;
				CLANG_WARN_OBJC_LITERAL_CONVERSION = YES;
				CLANG_WARN_OBJC_ROOT_CLASS = YES_ERROR;
				CLANG_WARN_RANGE_LOOP_ANALYSIS = YES;
				CLANG_WARN_STRICT_PROTOTYPES = YES;
				CLANG_WARN_SUSPICIOUS_MOVE = YES;
				CLANG_WARN_UNGUARDED_AVAILABILITY = YES_AGGRESSIVE;
				CLANG_WARN_UNREACHABLE_CODE = YES;
				CLANG_WARN__DUPLICATE_METHOD_MATCH = YES;
				COPY_PHASE_STRIP = NO;
				DEBUG_INFORMATION_FORMAT = "dwarf-with-dsym";
				ENABLE_NS_ASSERTIONS = NO;
				ENABLE_STRICT_OBJC_MSGSEND = YES;
				GCC_C_LANGUAGE_STANDARD = gnu11;
				GCC_NO_COMMON_BLOCKS = YES;
				GCC_WARN_64_TO_32_BIT_CONVERSION = YES;
				GCC_WARN_ABOUT_RETURN_TYPE = YES_ERROR;
				GCC_WARN_UNDECLARED_SELECTOR = YES;
				GCC_WARN_UNINITIALIZED_AUTOS = YES_AGGRESSIVE;
				GCC_WARN_UNUSED_FUNCTION = YES;
				GCC_WARN_UNUSED_VARIABLE = YES;
				IPHONEOS_DEPLOYMENT_TARGET = 13.6;
				MTL_ENABLE_DEBUG_INFO = NO;
				MTL_FAST_MATH = YES;
				SDKROOT = iphoneos;
				SWIFT_COMPILATION_MODE = wholemodule;
				SWIFT_OPTIMIZATION_LEVEL = "-O";
				VALIDATE_PRODUCT = YES;
			};
			name = Release;
		};
		3D91486F24D8F8A40096284E /* Debug */ = {
			isa = XCBuildConfiguration;
			buildSettings = {
				ASSETCATALOG_COMPILER_APPICON_NAME = AppIcon;
				CODE_SIGN_STYLE = Automatic;
				DEVELOPMENT_ASSET_PATHS = "\"Hiking/Preview Content\"";
				DEVELOPMENT_TEAM = VKQEX2FWUS;
				ENABLE_PREVIEWS = YES;
				INFOPLIST_FILE = Hiking/Info.plist;
				LD_RUNPATH_SEARCH_PATHS = (
					"$(inherited)",
					"@executable_path/Frameworks",
				);
				PRODUCT_BUNDLE_IDENTIFIER = com.example.Hiking;
				PRODUCT_NAME = "$(TARGET_NAME)";
				SWIFT_VERSION = 5.0;
				TARGETED_DEVICE_FAMILY = "1,2";
			};
			name = Debug;
		};
		3D91487024D8F8A40096284E /* Release */ = {
			isa = XCBuildConfiguration;
			buildSettings = {
				ASSETCATALOG_COMPILER_APPICON_NAME = AppIcon;
				CODE_SIGN_STYLE = Automatic;
				DEVELOPMENT_ASSET_PATHS = "\"Hiking/Preview Content\"";
				DEVELOPMENT_TEAM = VKQEX2FWUS;
				ENABLE_PREVIEWS = YES;
				INFOPLIST_FILE = Hiking/Info.plist;
				LD_RUNPATH_SEARCH_PATHS = (
					"$(inherited)",
					"@executable_path/Frameworks",
				);
				PRODUCT_BUNDLE_IDENTIFIER = com.example.Hiking;
				PRODUCT_NAME = "$(TARGET_NAME)";
				SWIFT_VERSION = 5.0;
				TARGETED_DEVICE_FAMILY = "1,2";
			};
			name = Release;
		};
		3D91487224D8F8A40096284E /* Debug */ = {
			isa = XCBuildConfiguration;
			buildSettings = {
				ALWAYS_EMBED_SWIFT_STANDARD_LIBRARIES = YES;
				BUNDLE_LOADER = "$(TEST_HOST)";
				CODE_SIGN_STYLE = Automatic;
				DEVELOPMENT_TEAM = VKQEX2FWUS;
				INFOPLIST_FILE = HikingTests/Info.plist;
				IPHONEOS_DEPLOYMENT_TARGET = 13.6;
				LD_RUNPATH_SEARCH_PATHS = (
					"$(inherited)",
					"@executable_path/Frameworks",
					"@loader_path/Frameworks",
				);
				PRODUCT_BUNDLE_IDENTIFIER = com.example.HikingTests;
				PRODUCT_NAME = "$(TARGET_NAME)";
				SWIFT_VERSION = 5.0;
				TARGETED_DEVICE_FAMILY = "1,2";
				TEST_HOST = "$(BUILT_PRODUCTS_DIR)/Hiking.app/Hiking";
			};
			name = Debug;
		};
		3D91487324D8F8A40096284E /* Release */ = {
			isa = XCBuildConfiguration;
			buildSettings = {
				ALWAYS_EMBED_SWIFT_STANDARD_LIBRARIES = YES;
				BUNDLE_LOADER = "$(TEST_HOST)";
				CODE_SIGN_STYLE = Automatic;
				DEVELOPMENT_TEAM = VKQEX2FWUS;
				INFOPLIST_FILE = HikingTests/Info.plist;
				IPHONEOS_DEPLOYMENT_TARGET = 13.6;
				LD_RUNPATH_SEARCH_PATHS = (
					"$(inherited)",
					"@executable_path/Frameworks",
					"@loader_path/Frameworks",
				);
				PRODUCT_BUNDLE_IDENTIFIER = com.example.HikingTests;
				PRODUCT_NAME = "$(TARGET_NAME)";
				SWIFT_VERSION = 5.0;
				TARGETED_DEVICE_FAMILY = "1,2";
				TEST_HOST = "$(BUILT_PRODUCTS_DIR)/Hiking.app/Hiking";
			};
			name = Release;
		};
/* End XCBuildConfiguration section */

/* Begin XCConfigurationList section */
		3D91484A24D8F8A30096284E /* Build configuration list for PBXProject "Hiking" */ = {
			isa = XCConfigurationList;
			buildConfigurations = (
				3D91486C24D8F8A40096284E /* Debug */,
				3D91486D24D8F8A40096284E /* Release */,
			);
			defaultConfigurationIsVisible = 0;
			defaultConfigurationName = Release;
		};
		3D91486E24D8F8A40096284E /* Build configuration list for PBXNativeTarget "Hiking" */ = {
			isa = XCConfigurationList;
			buildConfigurations = (
				3D91486F24D8F8A40096284E /* Debug */,
				3D91487024D8F8A40096284E /* Release */,
			);
			defaultConfigurationIsVisible = 0;
			defaultConfigurationName = Release;
		};
		3D91487124D8F8A40096284E /* Build configuration list for PBXNativeTarget "HikingTests" */ = {
			isa = XCConfigurationList;
			buildConfigurations = (
				3D91487224D8F8A40096284E /* Debug */,
				3D91487324D8F8A40096284E /* Release */,
			);
			defaultConfigurationIsVisible = 0;
			defaultConfigurationName = Release;
		};
/* End XCConfigurationList section */
	};
	rootObject = 3D91484724D8F8A30096284E /* Project object */;
}
